
Microsoft Visual Studio Solution File, Format Version 12.00
# Visual Studio 15
VisualStudioVersion = 15.0.28307.757
MinimumVisualStudioVersion = 10.0.40219.1
Project("{FAE04EC0-301F-11D3-BF4B-00C04F79EFBC}") = "ConvertToCamelCase", "ConvertToCamelCase\ConvertToCamelCase.csproj", "{2E4AEACB-16F7-4CC5-838C-DCC420211ACB}"
EndProject
Global
	GlobalSection(SolutionConfigurationPlatforms) = preSolution
		Debug|Any CPU = Debug|Any CPU
		Release|Any CPU = Release|Any CPU
	EndGlobalSection
	GlobalSection(ProjectConfigurationPlatforms) = postSolution
		{2E4AEACB-16F7-4CC5-838C-DCC420211ACB}.Debug|Any CPU.ActiveCfg = Debug|Any CPU
		{2E4AEACB-16F7-4CC5-838C-DCC420211ACB}.Debug|Any CPU.Build.0 = Debug|Any CPU
		{2E4AEACB-16F7-4CC5-838C-DCC420211ACB}.Release|Any CPU.ActiveCfg = Release|Any CPU
		{2E4AEACB-16F7-4CC5-838C-DCC420211ACB}.Release|Any CPU.Build.0 = Release|Any CPU
	EndGlobalSection
	GlobalSection(SolutionProperties) = preSolution
		HideSolutionNode = FALSE
	EndGlobalSection
	GlobalSection(ExtensibilityGlobals) = postSolution
		SolutionGuid = {7454E591-D6DA-4740-920A-37B1A94B7F69}
	EndGlobalSection
EndGlobal
