
Microsoft Visual Studio Solution File, Format Version 12.00
# Visual Studio Version 16
VisualStudioVersion = 16.0.29020.237
MinimumVisualStudioVersion = 10.0.40219.1
Project("{FAE04EC0-301F-11D3-BF4B-00C04F79EFBC}") = "OddOrEven", "OddOrEven\OddOrEven.csproj", "{47944B55-C348-4D02-8E16-08332F85A307}"
EndProject
Global
	GlobalSection(SolutionConfigurationPlatforms) = preSolution
		Debug|Any CPU = Debug|Any CPU
		Release|Any CPU = Release|Any CPU
	EndGlobalSection
	GlobalSection(ProjectConfigurationPlatforms) = postSolution
		{47944B55-C348-4D02-8E16-08332F85A307}.Debug|Any CPU.ActiveCfg = Debug|Any CPU
		{47944B55-C348-4D02-8E16-08332F85A307}.Debug|Any CPU.Build.0 = Debug|Any CPU
		{47944B55-C348-4D02-8E16-08332F85A307}.Release|Any CPU.ActiveCfg = Release|Any CPU
		{47944B55-C348-4D02-8E16-08332F85A307}.Release|Any CPU.Build.0 = Release|Any CPU
	EndGlobalSection
	GlobalSection(SolutionProperties) = preSolution
		HideSolutionNode = FALSE
	EndGlobalSection
	GlobalSection(ExtensibilityGlobals) = postSolution
		SolutionGuid = {D45335A0-9045-4D52-90D9-308CF0C93FC1}
	EndGlobalSection
EndGlobal
